
Microsoft Visual Studio Solution File, Format Version 12.00
# Visual Studio 15
VisualStudioVersion = 15.0.28010.2046
MinimumVisualStudioVersion = 10.0.40219.1
Project("{9A19103F-16F7-4668-BE54-9A1E7A4F7556}") = "GreenHubBackEnd", "GreenHubBackEnd\GreenHubBackEnd.csproj", "{DC328102-21C6-44B4-A3DE-90604E74CC62}"
EndProject
Project("{9A19103F-16F7-4668-BE54-9A1E7A4F7556}") = "ghEntities", "ghEntities\ghEntities.csproj", "{BA2E725A-39EA-472E-A313-592ACF143B96}"
EndProject
Project("{9A19103F-16F7-4668-BE54-9A1E7A4F7556}") = "ghRepository", "ghRepository\ghRepository.csproj", "{3196C222-8534-4731-8692-233E00B65E3F}"
EndProject
Project("{9A19103F-16F7-4668-BE54-9A1E7A4F7556}") = "ghContract", "ghContract\ghContract.csproj", "{45176CF7-313B-4483-B68C-A21C1E23EEE2}"
EndProject
Project("{9A19103F-16F7-4668-BE54-9A1E7A4F7556}") = "WebApi", "WebApi\WebApi.csproj", "{F937A064-6AD6-49B0-8A0B-2E75F239F1BF}"
EndProject
Project("{9A19103F-16F7-4668-BE54-9A1E7A4F7556}") = "LoggingService", "LoggingService\LoggingService.csproj", "{719BDF95-3E50-4514-98E8-BD7CDD3AF6FD}"
EndProject
Global
	GlobalSection(SolutionConfigurationPlatforms) = preSolution
		Debug|Any CPU = Debug|Any CPU
		Release|Any CPU = Release|Any CPU
	EndGlobalSection
	GlobalSection(ProjectConfigurationPlatforms) = postSolution
		{DC328102-21C6-44B4-A3DE-90604E74CC62}.Debug|Any CPU.ActiveCfg = Debug|Any CPU
		{DC328102-21C6-44B4-A3DE-90604E74CC62}.Debug|Any CPU.Build.0 = Debug|Any CPU
		{DC328102-21C6-44B4-A3DE-90604E74CC62}.Release|Any CPU.ActiveCfg = Release|Any CPU
		{DC328102-21C6-44B4-A3DE-90604E74CC62}.Release|Any CPU.Build.0 = Release|Any CPU
		{BA2E725A-39EA-472E-A313-592ACF143B96}.Debug|Any CPU.ActiveCfg = Debug|Any CPU
		{BA2E725A-39EA-472E-A313-592ACF143B96}.Debug|Any CPU.Build.0 = Debug|Any CPU
		{BA2E725A-39EA-472E-A313-592ACF143B96}.Release|Any CPU.ActiveCfg = Release|Any CPU
		{BA2E725A-39EA-472E-A313-592ACF143B96}.Release|Any CPU.Build.0 = Release|Any CPU
		{3196C222-8534-4731-8692-233E00B65E3F}.Debug|Any CPU.ActiveCfg = Debug|Any CPU
		{3196C222-8534-4731-8692-233E00B65E3F}.Debug|Any CPU.Build.0 = Debug|Any CPU
		{3196C222-8534-4731-8692-233E00B65E3F}.Release|Any CPU.ActiveCfg = Release|Any CPU
		{3196C222-8534-4731-8692-233E00B65E3F}.Release|Any CPU.Build.0 = Release|Any CPU
		{45176CF7-313B-4483-B68C-A21C1E23EEE2}.Debug|Any CPU.ActiveCfg = Debug|Any CPU
		{45176CF7-313B-4483-B68C-A21C1E23EEE2}.Debug|Any CPU.Build.0 = Debug|Any CPU
		{45176CF7-313B-4483-B68C-A21C1E23EEE2}.Release|Any CPU.ActiveCfg = Release|Any CPU
		{45176CF7-313B-4483-B68C-A21C1E23EEE2}.Release|Any CPU.Build.0 = Release|Any CPU
		{F937A064-6AD6-49B0-8A0B-2E75F239F1BF}.Debug|Any CPU.ActiveCfg = Debug|Any CPU
		{F937A064-6AD6-49B0-8A0B-2E75F239F1BF}.Debug|Any CPU.Build.0 = Debug|Any CPU
		{F937A064-6AD6-49B0-8A0B-2E75F239F1BF}.Release|Any CPU.ActiveCfg = Release|Any CPU
		{F937A064-6AD6-49B0-8A0B-2E75F239F1BF}.Release|Any CPU.Build.0 = Release|Any CPU
		{719BDF95-3E50-4514-98E8-BD7CDD3AF6FD}.Debug|Any CPU.ActiveCfg = Debug|Any CPU
		{719BDF95-3E50-4514-98E8-BD7CDD3AF6FD}.Debug|Any CPU.Build.0 = Debug|Any CPU
		{719BDF95-3E50-4514-98E8-BD7CDD3AF6FD}.Release|Any CPU.ActiveCfg = Release|Any CPU
		{719BDF95-3E50-4514-98E8-BD7CDD3AF6FD}.Release|Any CPU.Build.0 = Release|Any CPU
	EndGlobalSection
	GlobalSection(SolutionProperties) = preSolution
		HideSolutionNode = FALSE
	EndGlobalSection
	GlobalSection(ExtensibilityGlobals) = postSolution
		SolutionGuid = {487D7D68-CCF0-4FC6-805B-279E45A51E08}
	EndGlobalSection
EndGlobal
